
Microsoft Visual Studio Solution File, Format Version 12.00
# Visual Studio 15
VisualStudioVersion = 15.0.28307.1259
MinimumVisualStudioVersion = 10.0.40219.1
Project("{FAE04EC0-301F-11D3-BF4B-00C04F79EFBC}") = "Cricarba.Storage", "Cricarba.Storage\Cricarba.Storage.csproj", "{7EEA1A2B-1131-4858-AC0F-4482EFE589E3}"
EndProject
Global
	GlobalSection(SolutionConfigurationPlatforms) = preSolution
		Debug|Any CPU = Debug|Any CPU
		Release|Any CPU = Release|Any CPU
	EndGlobalSection
	GlobalSection(ProjectConfigurationPlatforms) = postSolution
		{7EEA1A2B-1131-4858-AC0F-4482EFE589E3}.Debug|Any CPU.ActiveCfg = Debug|Any CPU
		{7EEA1A2B-1131-4858-AC0F-4482EFE589E3}.Debug|Any CPU.Build.0 = Debug|Any CPU
		{7EEA1A2B-1131-4858-AC0F-4482EFE589E3}.Release|Any CPU.ActiveCfg = Release|Any CPU
		{7EEA1A2B-1131-4858-AC0F-4482EFE589E3}.Release|Any CPU.Build.0 = Release|Any CPU
	EndGlobalSection
	GlobalSection(SolutionProperties) = preSolution
		HideSolutionNode = FALSE
	EndGlobalSection
	GlobalSection(ExtensibilityGlobals) = postSolution
		SolutionGuid = {1E67613F-92CB-4134-BA96-21996F58236B}
	EndGlobalSection
EndGlobal
